// !$*UTF8*$!
{
	archiveVersion = 1;
	classes = {
	};
	objectVersion = 46;
	objects = {

/* Begin PBXBuildFile section */
		80EC11551C44136D001BE318 /* main.m in Sources */ = {isa = PBXBuildFile; fileRef = 80EC11541C44136D001BE318 /* main.m */; };
		80EC11581C44136D001BE318 /* AppDelegate.m in Sources */ = {isa = PBXBuildFile; fileRef = 80EC11571C44136D001BE318 /* AppDelegate.m */; };
		80EC115B1C44136D001BE318 /* Start.m in Sources */ = {isa = PBXBuildFile; fileRef = 80EC115A1C44136D001BE318 /* Start.m */; };
		80EC115E1C44136D001BE318 /* Main.storyboard in Resources */ = {isa = PBXBuildFile; fileRef = 80EC115C1C44136D001BE318 /* Main.storyboard */; };
		80EC11611C44136D001BE318 /* Conekta_Token.xcdatamodeld in Sources */ = {isa = PBXBuildFile; fileRef = 80EC115F1C44136D001BE318 /* Conekta_Token.xcdatamodeld */; };
		80EC11631C44136D001BE318 /* Assets.xcassets in Resources */ = {isa = PBXBuildFile; fileRef = 80EC11621C44136D001BE318 /* Assets.xcassets */; };
		80EC11661C44136E001BE318 /* LaunchScreen.storyboard in Resources */ = {isa = PBXBuildFile; fileRef = 80EC11641C44136E001BE318 /* LaunchScreen.storyboard */; };
		80EC117B1C441816001BE318 /* Card.m in Sources */ = {isa = PBXBuildFile; fileRef = 80EC11711C441816001BE318 /* Card.m */; };
		80EC117C1C441816001BE318 /* Conekta.m in Sources */ = {isa = PBXBuildFile; fileRef = 80EC11731C441816001BE318 /* Conekta.m */; };
		80EC117D1C441816001BE318 /* Connection.m in Sources */ = {isa = PBXBuildFile; fileRef = 80EC11781C441816001BE318 /* Connection.m */; };
		80EC117E1C441816001BE318 /* Token.m in Sources */ = {isa = PBXBuildFile; fileRef = 80EC117A1C441816001BE318 /* Token.m */; };
/* End PBXBuildFile section */

/* Begin PBXFileReference section */
		80EC11501C44136D001BE318 /* Conekta Token.app */ = {isa = PBXFileReference; explicitFileType = wrapper.application; includeInIndex = 0; path = "Conekta Token.app"; sourceTree = BUILT_PRODUCTS_DIR; };
		80EC11541C44136D001BE318 /* main.m */ = {isa = PBXFileReference; lastKnownFileType = sourcecode.c.objc; path = main.m; sourceTree = "<group>"; };
		80EC11561C44136D001BE318 /* AppDelegate.h */ = {isa = PBXFileReference; lastKnownFileType = sourcecode.c.h; path = AppDelegate.h; sourceTree = "<group>"; };
		80EC11571C44136D001BE318 /* AppDelegate.m */ = {isa = PBXFileReference; lastKnownFileType = sourcecode.c.objc; path = AppDelegate.m; sourceTree = "<group>"; };
		80EC11591C44136D001BE318 /* Start.h */ = {isa = PBXFileReference; lastKnownFileType = sourcecode.c.h; path = Start.h; sourceTree = "<group>"; };
		80EC115A1C44136D001BE318 /* Start.m */ = {isa = PBXFileReference; lastKnownFileType = sourcecode.c.objc; path = Start.m; sourceTree = "<group>"; };
		80EC115D1C44136D001BE318 /* Base */ = {isa = PBXFileReference; lastKnownFileType = file.storyboard; name = Base; path = Base.lproj/Main.storyboard; sourceTree = "<group>"; };
		80EC11601C44136D001BE318 /* Conekta_Token.xcdatamodel */ = {isa = PBXFileReference; lastKnownFileType = wrapper.xcdatamodel; path = Conekta_Token.xcdatamodel; sourceTree = "<group>"; };
		80EC11621C44136D001BE318 /* Assets.xcassets */ = {isa = PBXFileReference; lastKnownFileType = folder.assetcatalog; path = Assets.xcassets; sourceTree = "<group>"; };
		80EC11651C44136E001BE318 /* Base */ = {isa = PBXFileReference; lastKnownFileType = file.storyboard; name = Base; path = Base.lproj/LaunchScreen.storyboard; sourceTree = "<group>"; };
		80EC11671C44136E001BE318 /* Info.plist */ = {isa = PBXFileReference; lastKnownFileType = text.plist.xml; path = Info.plist; sourceTree = "<group>"; };
		80EC11701C441816001BE318 /* Card.h */ = {isa = PBXFileReference; fileEncoding = 4; lastKnownFileType = sourcecode.c.h; name = Card.h; path = Conekta/Card.h; sourceTree = "<group>"; };
		80EC11711C441816001BE318 /* Card.m */ = {isa = PBXFileReference; fileEncoding = 4; lastKnownFileType = sourcecode.c.objc; name = Card.m; path = Conekta/Card.m; sourceTree = "<group>"; };
		80EC11721C441816001BE318 /* Conekta.h */ = {isa = PBXFileReference; fileEncoding = 4; lastKnownFileType = sourcecode.c.h; name = Conekta.h; path = Conekta/Conekta.h; sourceTree = "<group>"; };
		80EC11731C441816001BE318 /* Conekta.m */ = {isa = PBXFileReference; fileEncoding = 4; lastKnownFileType = sourcecode.c.objc; name = Conekta.m; path = Conekta/Conekta.m; sourceTree = "<group>"; };
		80EC11741C441816001BE318 /* Conekta.xcodeproj */ = {isa = PBXFileReference; lastKnownFileType = "wrapper.pb-project"; name = Conekta.xcodeproj; path = Conekta/Conekta.xcodeproj; sourceTree = "<group>"; };
		80EC11771C441816001BE318 /* Connection.h */ = {isa = PBXFileReference; fileEncoding = 4; lastKnownFileType = sourcecode.c.h; name = Connection.h; path = Conekta/Connection.h; sourceTree = "<group>"; };
		80EC11781C441816001BE318 /* Connection.m */ = {isa = PBXFileReference; fileEncoding = 4; lastKnownFileType = sourcecode.c.objc; name = Connection.m; path = Conekta/Connection.m; sourceTree = "<group>"; };
		80EC11791C441816001BE318 /* Token.h */ = {isa = PBXFileReference; fileEncoding = 4; lastKnownFileType = sourcecode.c.h; name = Token.h; path = Conekta/Token.h; sourceTree = "<group>"; };
		80EC117A1C441816001BE318 /* Token.m */ = {isa = PBXFileReference; fileEncoding = 4; lastKnownFileType = sourcecode.c.objc; name = Token.m; path = Conekta/Token.m; sourceTree = "<group>"; };
/* End PBXFileReference section */

/* Begin PBXFrameworksBuildPhase section */
		80EC114D1C44136D001BE318 /* Frameworks */ = {
			isa = PBXFrameworksBuildPhase;
			buildActionMask = 2147483647;
			files = (
			);
			runOnlyForDeploymentPostprocessing = 0;
		};
/* End PBXFrameworksBuildPhase section */

/* Begin PBXGroup section */
		80EC11471C44136D001BE318 = {
			isa = PBXGroup;
			children = (
				80EC11521C44136D001BE318 /* Conekta Token */,
				80EC11511C44136D001BE318 /* Products */,
			);
			sourceTree = "<group>";
		};
		80EC11511C44136D001BE318 /* Products */ = {
			isa = PBXGroup;
			children = (
				80EC11501C44136D001BE318 /* Conekta Token.app */,
			);
			name = Products;
			sourceTree = "<group>";
		};
		80EC11521C44136D001BE318 /* Conekta Token */ = {
			isa = PBXGroup;
			children = (
				80EC116F1C441741001BE318 /* Conekta */,
				80EC116D1C441437001BE318 /* Main */,
				80EC116E1C441440001BE318 /* Controller */,
				80EC115C1C44136D001BE318 /* Main.storyboard */,
				80EC11621C44136D001BE318 /* Assets.xcassets */,
				80EC11641C44136E001BE318 /* LaunchScreen.storyboard */,
				80EC11671C44136E001BE318 /* Info.plist */,
				80EC115F1C44136D001BE318 /* Conekta_Token.xcdatamodeld */,
				80EC11531C44136D001BE318 /* Supporting Files */,
			);
			path = "Conekta Token";
			sourceTree = "<group>";
		};
		80EC11531C44136D001BE318 /* Supporting Files */ = {
			isa = PBXGroup;
			children = (
				80EC11541C44136D001BE318 /* main.m */,
			);
			name = "Supporting Files";
			sourceTree = "<group>";
		};
		80EC116D1C441437001BE318 /* Main */ = {
			isa = PBXGroup;
			children = (
				80EC11561C44136D001BE318 /* AppDelegate.h */,
				80EC11571C44136D001BE318 /* AppDelegate.m */,
			);
			name = Main;
			sourceTree = "<group>";
		};
		80EC116E1C441440001BE318 /* Controller */ = {
			isa = PBXGroup;
			children = (
				80EC11591C44136D001BE318 /* Start.h */,
				80EC115A1C44136D001BE318 /* Start.m */,
			);
			name = Controller;
			sourceTree = "<group>";
		};
		80EC116F1C441741001BE318 /* Conekta */ = {
			isa = PBXGroup;
			children = (
				80EC11701C441816001BE318 /* Card.h */,
				80EC11711C441816001BE318 /* Card.m */,
				80EC11721C441816001BE318 /* Conekta.h */,
				80EC11731C441816001BE318 /* Conekta.m */,
				80EC11741C441816001BE318 /* Conekta.xcodeproj */,
				80EC11771C441816001BE318 /* Connection.h */,
				80EC11781C441816001BE318 /* Connection.m */,
				80EC11791C441816001BE318 /* Token.h */,
				80EC117A1C441816001BE318 /* Token.m */,
			);
			name = Conekta;
			sourceTree = "<group>";
		};
		80EC11751C441816001BE318 /* Products */ = {
			isa = PBXGroup;
			children = (
			);
			name = Products;
			sourceTree = "<group>";
		};
/* End PBXGroup section */

/* Begin PBXNativeTarget section */
		80EC114F1C44136D001BE318 /* Conekta Token */ = {
			isa = PBXNativeTarget;
			buildConfigurationList = 80EC116A1C44136E001BE318 /* Build configuration list for PBXNativeTarget "Conekta Token" */;
			buildPhases = (
				80EC114C1C44136D001BE318 /* Sources */,
				80EC114D1C44136D001BE318 /* Frameworks */,
				80EC114E1C44136D001BE318 /* Resources */,
			);
			buildRules = (
			);
			dependencies = (
			);
			name = "Conekta Token";
			productName = "Conekta Token";
			productReference = 80EC11501C44136D001BE318 /* Conekta Token.app */;
			productType = "com.apple.product-type.application";
		};
/* End PBXNativeTarget section */

/* Begin PBXProject section */
		80EC11481C44136D001BE318 /* Project object */ = {
			isa = PBXProject;
			attributes = {
				LastUpgradeCheck = 0720;
				ORGANIZATIONNAME = FZagato;
				TargetAttributes = {
					80EC114F1C44136D001BE318 = {
						CreatedOnToolsVersion = 7.2;
					};
				};
			};
			buildConfigurationList = 80EC114B1C44136D001BE318 /* Build configuration list for PBXProject "Conekta Token" */;
			compatibilityVersion = "Xcode 3.2";
			developmentRegion = English;
			hasScannedForEncodings = 0;
			knownRegions = (
				en,
				Base,
			);
			mainGroup = 80EC11471C44136D001BE318;
			productRefGroup = 80EC11511C44136D001BE318 /* Products */;
			projectDirPath = "";
			projectReferences = (
				{
					ProductGroup = 80EC11751C441816001BE318 /* Products */;
					ProjectRef = 80EC11741C441816001BE318 /* Conekta.xcodeproj */;
				},
			);
			projectRoot = "";
			targets = (
				80EC114F1C44136D001BE318 /* Conekta Token */,
			);
		};
/* End PBXProject section */

/* Begin PBXResourcesBuildPhase section */
		80EC114E1C44136D001BE318 /* Resources */ = {
			isa = PBXResourcesBuildPhase;
			buildActionMask = 2147483647;
			files = (
				80EC11661C44136E001BE318 /* LaunchScreen.storyboard in Resources */,
				80EC11631C44136D001BE318 /* Assets.xcassets in Resources */,
				80EC115E1C44136D001BE318 /* Main.storyboard in Resources */,
			);
			runOnlyForDeploymentPostprocessing = 0;
		};
/* End PBXResourcesBuildPhase section */

/* Begin PBXSourcesBuildPhase section */
		80EC114C1C44136D001BE318 /* Sources */ = {
			isa = PBXSourcesBuildPhase;
			buildActionMask = 2147483647;
			files = (
				80EC117B1C441816001BE318 /* Card.m in Sources */,
				80EC117D1C441816001BE318 /* Connection.m in Sources */,
				80EC117C1C441816001BE318 /* Conekta.m in Sources */,
				80EC117E1C441816001BE318 /* Token.m in Sources */,
				80EC115B1C44136D001BE318 /* Start.m in Sources */,
				80EC11581C44136D001BE318 /* AppDelegate.m in Sources */,
				80EC11551C44136D001BE318 /* main.m in Sources */,
				80EC11611C44136D001BE318 /* Conekta_Token.xcdatamodeld in Sources */,
			);
			runOnlyForDeploymentPostprocessing = 0;
		};
/* End PBXSourcesBuildPhase section */

/* Begin PBXVariantGroup section */
		80EC115C1C44136D001BE318 /* Main.storyboard */ = {
			isa = PBXVariantGroup;
			children = (
				80EC115D1C44136D001BE318 /* Base */,
			);
			name = Main.storyboard;
			sourceTree = "<group>";
		};
		80EC11641C44136E001BE318 /* LaunchScreen.storyboard */ = {
			isa = PBXVariantGroup;
			children = (
				80EC11651C44136E001BE318 /* Base */,
			);
			name = LaunchScreen.storyboard;
			sourceTree = "<group>";
		};
/* End PBXVariantGroup section */

/* Begin XCBuildConfiguration section */
		80EC11681C44136E001BE318 /* Debug */ = {
			isa = XCBuildConfiguration;
			buildSettings = {
				ALWAYS_SEARCH_USER_PATHS = NO;
				CLANG_CXX_LANGUAGE_STANDARD = "gnu++0x";
				CLANG_CXX_LIBRARY = "libc++";
				CLANG_ENABLE_MODULES = YES;
				CLANG_ENABLE_OBJC_ARC = YES;
				CLANG_WARN_BOOL_CONVERSION = YES;
				CLANG_WARN_CONSTANT_CONVERSION = YES;
				CLANG_WARN_DIRECT_OBJC_ISA_USAGE = YES_ERROR;
				CLANG_WARN_EMPTY_BODY = YES;
				CLANG_WARN_ENUM_CONVERSION = YES;
				CLANG_WARN_INT_CONVERSION = YES;
				CLANG_WARN_OBJC_ROOT_CLASS = YES_ERROR;
				CLANG_WARN_UNREACHABLE_CODE = YES;
				CLANG_WARN__DUPLICATE_METHOD_MATCH = YES;
				"CODE_SIGN_IDENTITY[sdk=iphoneos*]" = "iPhone Developer";
				COPY_PHASE_STRIP = NO;
				DEBUG_INFORMATION_FORMAT = dwarf;
				ENABLE_STRICT_OBJC_MSGSEND = YES;
				ENABLE_TESTABILITY = YES;
				GCC_C_LANGUAGE_STANDARD = gnu99;
				GCC_DYNAMIC_NO_PIC = NO;
				GCC_NO_COMMON_BLOCKS = YES;
				GCC_OPTIMIZATION_LEVEL = 0;
				GCC_PREPROCESSOR_DEFINITIONS = (
					"DEBUG=1",
					"$(inherited)",
				);
				GCC_WARN_64_TO_32_BIT_CONVERSION = YES;
				GCC_WARN_ABOUT_RETURN_TYPE = YES_ERROR;
				GCC_WARN_UNDECLARED_SELECTOR = YES;
				GCC_WARN_UNINITIALIZED_AUTOS = YES_AGGRESSIVE;
				GCC_WARN_UNUSED_FUNCTION = YES;
				GCC_WARN_UNUSED_VARIABLE = YES;
				IPHONEOS_DEPLOYMENT_TARGET = 9.2;
				MTL_ENABLE_DEBUG_INFO = YES;
				ONLY_ACTIVE_ARCH = YES;
				SDKROOT = iphoneos;
			};
			name = Debug;
		};
		80EC11691C44136E001BE318 /* Release */ = {
			isa = XCBuildConfiguration;
			buildSettings = {
				ALWAYS_SEARCH_USER_PATHS = NO;
				CLANG_CXX_LANGUAGE_STANDARD = "gnu++0x";
				CLANG_CXX_LIBRARY = "libc++";
				CLANG_ENABLE_MODULES = YES;
				CLANG_ENABLE_OBJC_ARC = YES;
				CLANG_WARN_BOOL_CONVERSION = YES;
				CLANG_WARN_CONSTANT_CONVERSION = YES;
				CLANG_WARN_DIRECT_OBJC_ISA_USAGE = YES_ERROR;
				CLANG_WARN_EMPTY_BODY = YES;
				CLANG_WARN_ENUM_CONVERSION = YES;
				CLANG_WARN_INT_CONVERSION = YES;
				CLANG_WARN_OBJC_ROOT_CLASS = YES_ERROR;
				CLANG_WARN_UNREACHABLE_CODE = YES;
				CLANG_WARN__DUPLICATE_METHOD_MATCH = YES;
				"CODE_SIGN_IDENTITY[sdk=iphoneos*]" = "iPhone Developer";
				COPY_PHASE_STRIP = NO;
				DEBUG_INFORMATION_FORMAT = "dwarf-with-dsym";
				ENABLE_NS_ASSERTIONS = NO;
				ENABLE_STRICT_OBJC_MSGSEND = YES;
				GCC_C_LANGUAGE_STANDARD = gnu99;
				GCC_NO_COMMON_BLOCKS = YES;
				GCC_WARN_64_TO_32_BIT_CONVERSION = YES;
				GCC_WARN_ABOUT_RETURN_TYPE = YES_ERROR;
				GCC_WARN_UNDECLARED_SELECTOR = YES;
				GCC_WARN_UNINITIALIZED_AUTOS = YES_AGGRESSIVE;
				GCC_WARN_UNUSED_FUNCTION = YES;
				GCC_WARN_UNUSED_VARIABLE = YES;
				IPHONEOS_DEPLOYMENT_TARGET = 9.2;
				MTL_ENABLE_DEBUG_INFO = NO;
				SDKROOT = iphoneos;
				VALIDATE_PRODUCT = YES;
			};
			name = Release;
		};
		80EC116B1C44136E001BE318 /* Debug */ = {
			isa = XCBuildConfiguration;
			buildSettings = {
				ASSETCATALOG_COMPILER_APPICON_NAME = AppIcon;
				INFOPLIST_FILE = "Conekta Token/Info.plist";
				IPHONEOS_DEPLOYMENT_TARGET = 8.2;
				LD_RUNPATH_SEARCH_PATHS = "$(inherited) @executable_path/Frameworks";
				LIBRARY_SEARCH_PATHS = (
					"$(inherited)",
					"$(PROJECT_DIR)/Conekta",
				);
				PRODUCT_BUNDLE_IDENTIFIER = "net.fzagato.Conekta-Token";
				PRODUCT_NAME = "$(TARGET_NAME)";
			};
			name = Debug;
		};
		80EC116C1C44136E001BE318 /* Release */ = {
			isa = XCBuildConfiguration;
			buildSettings = {
				ASSETCATALOG_COMPILER_APPICON_NAME = AppIcon;
				INFOPLIST_FILE = "Conekta Token/Info.plist";
				IPHONEOS_DEPLOYMENT_TARGET = 8.2;
				LD_RUNPATH_SEARCH_PATHS = "$(inherited) @executable_path/Frameworks";
				LIBRARY_SEARCH_PATHS = (
					"$(inherited)",
					"$(PROJECT_DIR)/Conekta",
				);
				PRODUCT_BUNDLE_IDENTIFIER = "net.fzagato.Conekta-Token";
				PRODUCT_NAME = "$(TARGET_NAME)";
			};
			name = Release;
		};
/* End XCBuildConfiguration section */

/* Begin XCConfigurationList section */
		80EC114B1C44136D001BE318 /* Build configuration list for PBXProject "Conekta Token" */ = {
			isa = XCConfigurationList;
			buildConfigurations = (
				80EC11681C44136E001BE318 /* Debug */,
				80EC11691C44136E001BE318 /* Release */,
			);
			defaultConfigurationIsVisible = 0;
			defaultConfigurationName = Release;
		};
		80EC116A1C44136E001BE318 /* Build configuration list for PBXNativeTarget "Conekta Token" */ = {
			isa = XCConfigurationList;
			buildConfigurations = (
				80EC116B1C44136E001BE318 /* Debug */,
				80EC116C1C44136E001BE318 /* Release */,
			);
			defaultConfigurationIsVisible = 0;
		};
/* End XCConfigurationList section */

/* Begin XCVersionGroup section */
		80EC115F1C44136D001BE318 /* Conekta_Token.xcdatamodeld */ = {
			isa = XCVersionGroup;
			children = (
				80EC11601C44136D001BE318 /* Conekta_Token.xcdatamodel */,
			);
			currentVersion = 80EC11601C44136D001BE318 /* Conekta_Token.xcdatamodel */;
			path = Conekta_Token.xcdatamodeld;
			sourceTree = "<group>";
			versionGroupType = wrapper.xcdatamodel;
		};
/* End XCVersionGroup section */
	};
	rootObject = 80EC11481C44136D001BE318 /* Project object */;
}
